<?xml version="1.0" encoding="utf-8"?>
<Project ToolsVersion="4.0" xmlns="http://schemas.microsoft.com/developer/msbuild/2003">
  <ItemGroup>
    <Filter Include="源文件">
      <UniqueIdentifier>{4FC737F1-C7A5-4376-A066-2A32D752A2FF}</UniqueIdentifier>
      <Extensions>cpp;c;cc;cxx;c++;cppm;ixx;def;odl;idl;hpj;bat;asm;asmx</Extensions>
    </Filter>
    <Filter Include="头文件">
      <UniqueIdentifier>{93995380-89BD-4b04-88EB-625FBE52EBFB}</UniqueIdentifier>
      <Extensions>h;hh;hpp;hxx;h++;hm;inl;inc;ipp;xsd</Extensions>
    </Filter>
    <Filter Include="资源文件">
      <UniqueIdentifier>{67DA6AB6-F800-4c08-8B7A-83BB121AAD01}</UniqueIdentifier>
      <Extensions>rc;ico;cur;bmp;dlg;rc2;rct;bin;rgs;gif;jpg;jpeg;jpe;resx;tiff;tif;png;wav;mfcribbon-ms</Extensions>
    </Filter>
    <Filter Include="头文件\test">
      <UniqueIdentifier>{851c8a27-2919-45c1-971b-66b4c3a58a23}</UniqueIdentifier>
    </Filter>
    <Filter Include="头文件\Data Structure">
      <UniqueIdentifier>{75155a84-b658-40e0-b329-33f2deeef8fb}</UniqueIdentifier>
    </Filter>
    <Filter Include="头文件\Data Structure\Linear List">
      <UniqueIdentifier>{73bcef22-3329-4873-9e8d-a6492fc0ffa1}</UniqueIdentifier>
    </Filter>
    <Filter Include="头文件\Data Structure\Stack and Queue">
      <UniqueIdentifier>{0e44e9fa-9bda-4bd9-be36-2c3c00960372}</UniqueIdentifier>
    </Filter>
  </ItemGroup>
  <ItemGroup>
    <ClCompile Include="main.cpp">
      <Filter>源文件</Filter>
    </ClCompile>
  </ItemGroup>
  <ItemGroup>
    <ClInclude Include="testSeqList.h">
      <Filter>头文件\test</Filter>
    </ClInclude>
    <ClInclude Include="testSinglyLinkedList.h">
      <Filter>头文件\test</Filter>
    </ClInclude>
    <ClInclude Include="general.h">
      <Filter>头文件\Data Structure</Filter>
    </ClInclude>
    <ClInclude Include="SeqList.h">
      <Filter>头文件\Data Structure\Linear List</Filter>
    </ClInclude>
    <ClInclude Include="SinglyLinkedList.h">
      <Filter>头文件\Data Structure\Linear List</Filter>
    </ClInclude>
    <ClInclude Include="CircularLinkedList.h">
      <Filter>头文件\Data Structure\Linear List</Filter>
    </ClInclude>
    <ClInclude Include="testCircularLinkedList.h">
      <Filter>头文件\test</Filter>
    </ClInclude>
    <ClInclude Include="BoubleLinkedList.h">
      <Filter>头文件\Data Structure\Linear List</Filter>
    </ClInclude>
  </ItemGroup>
</Project>