<?xml version="1.0" encoding="utf-8"?>
<Project ToolsVersion="4.0" xmlns="http://schemas.microsoft.com/developer/msbuild/2003">
  <ItemGroup>
    <Filter Include="源文件">
      <UniqueIdentifier>{4FC737F1-C7A5-4376-A066-2A32D752A2FF}</UniqueIdentifier>
      <Extensions>cpp;c;cc;cxx;c++;cppm;ixx;def;odl;idl;hpj;bat;asm;asmx</Extensions>
    </Filter>
    <Filter Include="头文件">
      <UniqueIdentifier>{93995380-89BD-4b04-88EB-625FBE52EBFB}</UniqueIdentifier>
      <Extensions>h;hh;hpp;hxx;h++;hm;inl;inc;ipp;xsd</Extensions>
    </Filter>
    <Filter Include="资源文件">
      <UniqueIdentifier>{67DA6AB6-F800-4c08-8B7A-83BB121AAD01}</UniqueIdentifier>
      <Extensions>rc;ico;cur;bmp;dlg;rc2;rct;bin;rgs;gif;jpg;jpeg;jpe;resx;tiff;tif;png;wav;mfcribbon-ms</Extensions>
    </Filter>
    <Filter Include="头文件\Data Structure">
      <UniqueIdentifier>{75155a84-b658-40e0-b329-33f2deeef8fb}</UniqueIdentifier>
    </Filter>
    <Filter Include="头文件\Data Structure\Linear List">
      <UniqueIdentifier>{73bcef22-3329-4873-9e8d-a6492fc0ffa1}</UniqueIdentifier>
    </Filter>
    <Filter Include="头文件\Data Structure\Linear List\test">
      <UniqueIdentifier>{851c8a27-2919-45c1-971b-66b4c3a58a23}</UniqueIdentifier>
    </Filter>
    <Filter Include="头文件\Data Structure\Stack">
      <UniqueIdentifier>{0e44e9fa-9bda-4bd9-be36-2c3c00960372}</UniqueIdentifier>
    </Filter>
    <Filter Include="头文件\Data Structure\Stack\test">
      <UniqueIdentifier>{cd9f759b-0b36-46dd-84ed-ca54bf2b401f}</UniqueIdentifier>
    </Filter>
    <Filter Include="头文件\Data Structure\Queue">
      <UniqueIdentifier>{d0ba1a7d-ee93-47c2-9652-912f3de24e2e}</UniqueIdentifier>
    </Filter>
    <Filter Include="头文件\Data Structure\Queue\test">
      <UniqueIdentifier>{ae71b228-7e72-470a-84de-828ed8853105}</UniqueIdentifier>
    </Filter>
    <Filter Include="头文件\Data Structure\Tree">
      <UniqueIdentifier>{8fe7c36e-4eea-497d-9646-6dabda0cee57}</UniqueIdentifier>
    </Filter>
    <Filter Include="头文件\Data Structure\Tree\BinaryTrees">
      <UniqueIdentifier>{22865bbd-1102-400f-9131-777aac0726a4}</UniqueIdentifier>
    </Filter>
    <Filter Include="头文件\Data Structure\Tree\BinaryTrees\test">
      <UniqueIdentifier>{b38dc197-a7c0-4f68-a724-aa86b2d394dd}</UniqueIdentifier>
    </Filter>
    <Filter Include="头文件\Experiment">
      <UniqueIdentifier>{c5413540-98c2-4333-98cb-4d63e3518b67}</UniqueIdentifier>
    </Filter>
    <Filter Include="资源文件\测试数据">
      <UniqueIdentifier>{eb1796da-d31c-4b8e-bb48-d2daaa33aa21}</UniqueIdentifier>
    </Filter>
    <Filter Include="头文件\Practice">
      <UniqueIdentifier>{0def659c-116e-45db-a252-4df3268d4521}</UniqueIdentifier>
    </Filter>
  </ItemGroup>
  <ItemGroup>
    <ClCompile Include="main.cpp">
      <Filter>源文件</Filter>
    </ClCompile>
  </ItemGroup>
  <ItemGroup>
    <ClInclude Include="testSeqList.h">
      <Filter>头文件\Data Structure\Linear List\test</Filter>
    </ClInclude>
    <ClInclude Include="testSinglyLinkedList.h">
      <Filter>头文件\Data Structure\Linear List\test</Filter>
    </ClInclude>
    <ClInclude Include="general.h">
      <Filter>头文件\Data Structure</Filter>
    </ClInclude>
    <ClInclude Include="SeqList.h">
      <Filter>头文件\Data Structure\Linear List</Filter>
    </ClInclude>
    <ClInclude Include="SinglyLinkedList.h">
      <Filter>头文件\Data Structure\Linear List</Filter>
    </ClInclude>
    <ClInclude Include="CircularLinkedList.h">
      <Filter>头文件\Data Structure\Linear List</Filter>
    </ClInclude>
    <ClInclude Include="testCircularLinkedList.h">
      <Filter>头文件\Data Structure\Linear List\test</Filter>
    </ClInclude>
    <ClInclude Include="DoubleLinkedList.h">
      <Filter>头文件\Data Structure\Linear List</Filter>
    </ClInclude>
    <ClInclude Include="testDoubleLinkedList.h">
      <Filter>头文件\Data Structure\Linear List\test</Filter>
    </ClInclude>
    <ClInclude Include="SeqStack.h">
      <Filter>头文件\Data Structure\Stack</Filter>
    </ClInclude>
    <ClInclude Include="testSeqStack.h">
      <Filter>头文件\Data Structure\Stack\test</Filter>
    </ClInclude>
    <ClInclude Include="LinkStack.h">
      <Filter>头文件\Data Structure\Stack</Filter>
    </ClInclude>
    <ClInclude Include="testLinkStack.h">
      <Filter>头文件\Data Structure\Stack\test</Filter>
    </ClInclude>
    <ClInclude Include="SeqQueue.h">
      <Filter>头文件\Data Structure\Queue</Filter>
    </ClInclude>
    <ClInclude Include="LinkQueue.h">
      <Filter>头文件\Data Structure\Queue</Filter>
    </ClInclude>
    <ClInclude Include="testSeqQueue.h">
      <Filter>头文件\Data Structure\Queue\test</Filter>
    </ClInclude>
    <ClInclude Include="testLinkQueue.h">
      <Filter>头文件\Data Structure\Queue\test</Filter>
    </ClInclude>
    <ClInclude Include="LinkBiTree.h">
      <Filter>头文件\Data Structure\Tree\BinaryTrees</Filter>
    </ClInclude>
    <ClInclude Include="testLinkBiTree.h">
      <Filter>头文件\Data Structure\Tree\BinaryTrees\test</Filter>
    </ClInclude>
    <ClInclude Include="1_Joseph.h">
      <Filter>头文件\Practice</Filter>
    </ClInclude>
    <ClInclude Include="ex1.1.h">
      <Filter>头文件\Experiment</Filter>
    </ClInclude>
    <ClInclude Include="ex1.2.h">
      <Filter>头文件\Experiment</Filter>
    </ClInclude>
  </ItemGroup>
  <ItemGroup>
    <None Include="栈基本操作.md">
      <Filter>资源文件</Filter>
    </None>
    <None Include="队列基本操作.md">
      <Filter>资源文件</Filter>
    </None>
    <None Include="二叉树.md">
      <Filter>资源文件\测试数据</Filter>
    </None>
    <None Include="Joseph.md">
      <Filter>资源文件\测试数据</Filter>
    </None>
    <None Include="..\README.md">
      <Filter>资源文件</Filter>
    </None>
  </ItemGroup>
</Project>